// !$*UTF8*$!
{
	archiveVersion = 1;
	classes = {
	};
	objectVersion = 46;
	objects = {

/* Begin PBXBuildFile section */
		5920C1D71AB5F23C00603D73 /* LTXMLParser.m in Sources */ = {isa = PBXBuildFile; fileRef = 5920C1D61AB5F23C00603D73 /* LTXMLParser.m */; };
		592F82DA1AB616C6001D67AF /* LTPost+updateValues.m in Sources */ = {isa = PBXBuildFile; fileRef = 592F82D91AB616C6001D67AF /* LTPost+updateValues.m */; };
		8BF7E9D01AB58E7800845106 /* main.m in Sources */ = {isa = PBXBuildFile; fileRef = 8BF7E9CF1AB58E7800845106 /* main.m */; };
		8BF7E9D31AB58E7800845106 /* AppDelegate.m in Sources */ = {isa = PBXBuildFile; fileRef = 8BF7E9D21AB58E7800845106 /* AppDelegate.m */; };
		8BF7E9D61AB58E7800845106 /* ViewController.m in Sources */ = {isa = PBXBuildFile; fileRef = 8BF7E9D51AB58E7800845106 /* ViewController.m */; };
		8BF7E9D91AB58E7800845106 /* Main.storyboard in Resources */ = {isa = PBXBuildFile; fileRef = 8BF7E9D71AB58E7800845106 /* Main.storyboard */; };
		8BF7E9DB1AB58E7800845106 /* Images.xcassets in Resources */ = {isa = PBXBuildFile; fileRef = 8BF7E9DA1AB58E7800845106 /* Images.xcassets */; };
		8BF7E9DE1AB58E7800845106 /* LaunchScreen.xib in Resources */ = {isa = PBXBuildFile; fileRef = 8BF7E9DC1AB58E7800845106 /* LaunchScreen.xib */; };
		8BF7E9EA1AB58E7800845106 /* LentaTestTests.m in Sources */ = {isa = PBXBuildFile; fileRef = 8BF7E9E91AB58E7800845106 /* LentaTestTests.m */; };
		8BF7E9FA1AB5917100845106 /* lentatest.xcdatamodeld in Sources */ = {isa = PBXBuildFile; fileRef = 8BF7E9F81AB5917100845106 /* lentatest.xcdatamodeld */; };
		8BF7E9FD1AB5918A00845106 /* LTDatabase.m in Sources */ = {isa = PBXBuildFile; fileRef = 8BF7E9FC1AB5918A00845106 /* LTDatabase.m */; };
		8BF7EA021AB591D000845106 /* LTServerInteraction.m in Sources */ = {isa = PBXBuildFile; fileRef = 8BF7E9FF1AB591D000845106 /* LTServerInteraction.m */; };
		8BF7EA031AB591D000845106 /* SDCoreDataController.m in Sources */ = {isa = PBXBuildFile; fileRef = 8BF7EA011AB591D000845106 /* SDCoreDataController.m */; };
		8BF7EA0E1AB596ED00845106 /* PostSources.plist in Resources */ = {isa = PBXBuildFile; fileRef = 8BF7EA0D1AB596ED00845106 /* PostSources.plist */; };
		8BF7EA111AB59ED100845106 /* LTPost.m in Sources */ = {isa = PBXBuildFile; fileRef = 8BF7EA101AB59ED100845106 /* LTPost.m */; };
		8BF7EA181AB5A55300845106 /* LTSource.m in Sources */ = {isa = PBXBuildFile; fileRef = 8BF7EA171AB5A55300845106 /* LTSource.m */; };
		8BF7EA1B1AB5A68600845106 /* LTSource+updateValues.m in Sources */ = {isa = PBXBuildFile; fileRef = 8BF7EA1A1AB5A68600845106 /* LTSource+updateValues.m */; };
		8BF7EA1F1AB5AB1C00845106 /* LTPostsDataSource.m in Sources */ = {isa = PBXBuildFile; fileRef = 8BF7EA1E1AB5AB1C00845106 /* LTPostsDataSource.m */; };
		8BF7EA221AB5AC5B00845106 /* LTIOSPostsDataSource.m in Sources */ = {isa = PBXBuildFile; fileRef = 8BF7EA211AB5AC5B00845106 /* LTIOSPostsDataSource.m */; };
		8BF7EA271AB5AFD900845106 /* LTPostCell.m in Sources */ = {isa = PBXBuildFile; fileRef = 8BF7EA261AB5AFD900845106 /* LTPostCell.m */; };
		8BF7EA2A1AB5B64600845106 /* LTTableFooterView.m in Sources */ = {isa = PBXBuildFile; fileRef = 8BF7EA291AB5B64600845106 /* LTTableFooterView.m */; };
		8BF7EA2E1AB5C38F00845106 /* LTCommonClass.m in Sources */ = {isa = PBXBuildFile; fileRef = 8BF7EA2D1AB5C38F00845106 /* LTCommonClass.m */; };
/* End PBXBuildFile section */

/* Begin PBXContainerItemProxy section */
		8BF7E9E41AB58E7800845106 /* PBXContainerItemProxy */ = {
			isa = PBXContainerItemProxy;
			containerPortal = 8BF7E9C21AB58E7800845106 /* Project object */;
			proxyType = 1;
			remoteGlobalIDString = 8BF7E9C91AB58E7800845106;
			remoteInfo = LentaTest;
		};
/* End PBXContainerItemProxy section */

/* Begin PBXFileReference section */
		5920C1D51AB5F23C00603D73 /* LTXMLParser.h */ = {isa = PBXFileReference; fileEncoding = 4; lastKnownFileType = sourcecode.c.h; path = LTXMLParser.h; sourceTree = "<group>"; };
		5920C1D61AB5F23C00603D73 /* LTXMLParser.m */ = {isa = PBXFileReference; fileEncoding = 4; lastKnownFileType = sourcecode.c.objc; path = LTXMLParser.m; sourceTree = "<group>"; };
		592F82D81AB616C6001D67AF /* LTPost+updateValues.h */ = {isa = PBXFileReference; fileEncoding = 4; lastKnownFileType = sourcecode.c.h; path = "LTPost+updateValues.h"; sourceTree = "<group>"; };
		592F82D91AB616C6001D67AF /* LTPost+updateValues.m */ = {isa = PBXFileReference; fileEncoding = 4; lastKnownFileType = sourcecode.c.objc; path = "LTPost+updateValues.m"; sourceTree = "<group>"; };
		8BF7E9CA1AB58E7800845106 /* LentaTest.app */ = {isa = PBXFileReference; explicitFileType = wrapper.application; includeInIndex = 0; path = LentaTest.app; sourceTree = BUILT_PRODUCTS_DIR; };
		8BF7E9CE1AB58E7800845106 /* Info.plist */ = {isa = PBXFileReference; lastKnownFileType = text.plist.xml; path = Info.plist; sourceTree = "<group>"; };
		8BF7E9CF1AB58E7800845106 /* main.m */ = {isa = PBXFileReference; lastKnownFileType = sourcecode.c.objc; path = main.m; sourceTree = "<group>"; };
		8BF7E9D11AB58E7800845106 /* AppDelegate.h */ = {isa = PBXFileReference; lastKnownFileType = sourcecode.c.h; path = AppDelegate.h; sourceTree = "<group>"; };
		8BF7E9D21AB58E7800845106 /* AppDelegate.m */ = {isa = PBXFileReference; lastKnownFileType = sourcecode.c.objc; path = AppDelegate.m; sourceTree = "<group>"; };
		8BF7E9D41AB58E7800845106 /* ViewController.h */ = {isa = PBXFileReference; lastKnownFileType = sourcecode.c.h; path = ViewController.h; sourceTree = "<group>"; };
		8BF7E9D51AB58E7800845106 /* ViewController.m */ = {isa = PBXFileReference; lastKnownFileType = sourcecode.c.objc; path = ViewController.m; sourceTree = "<group>"; };
		8BF7E9D81AB58E7800845106 /* Base */ = {isa = PBXFileReference; lastKnownFileType = file.storyboard; name = Base; path = Base.lproj/Main.storyboard; sourceTree = "<group>"; };
		8BF7E9DA1AB58E7800845106 /* Images.xcassets */ = {isa = PBXFileReference; lastKnownFileType = folder.assetcatalog; path = Images.xcassets; sourceTree = "<group>"; };
		8BF7E9DD1AB58E7800845106 /* Base */ = {isa = PBXFileReference; lastKnownFileType = file.xib; name = Base; path = Base.lproj/LaunchScreen.xib; sourceTree = "<group>"; };
		8BF7E9E31AB58E7800845106 /* LentaTestTests.xctest */ = {isa = PBXFileReference; explicitFileType = wrapper.cfbundle; includeInIndex = 0; path = LentaTestTests.xctest; sourceTree = BUILT_PRODUCTS_DIR; };
		8BF7E9E81AB58E7800845106 /* Info.plist */ = {isa = PBXFileReference; lastKnownFileType = text.plist.xml; path = Info.plist; sourceTree = "<group>"; };
		8BF7E9E91AB58E7800845106 /* LentaTestTests.m */ = {isa = PBXFileReference; lastKnownFileType = sourcecode.c.objc; path = LentaTestTests.m; sourceTree = "<group>"; };
		8BF7E9F91AB5917100845106 /* lentatest.xcdatamodel */ = {isa = PBXFileReference; lastKnownFileType = wrapper.xcdatamodel; path = lentatest.xcdatamodel; sourceTree = "<group>"; };
		8BF7E9FB1AB5918A00845106 /* LTDatabase.h */ = {isa = PBXFileReference; fileEncoding = 4; lastKnownFileType = sourcecode.c.h; path = LTDatabase.h; sourceTree = "<group>"; };
		8BF7E9FC1AB5918A00845106 /* LTDatabase.m */ = {isa = PBXFileReference; fileEncoding = 4; lastKnownFileType = sourcecode.c.objc; path = LTDatabase.m; sourceTree = "<group>"; };
		8BF7E9FE1AB591D000845106 /* LTServerInteraction.h */ = {isa = PBXFileReference; fileEncoding = 4; lastKnownFileType = sourcecode.c.h; path = LTServerInteraction.h; sourceTree = "<group>"; };
		8BF7E9FF1AB591D000845106 /* LTServerInteraction.m */ = {isa = PBXFileReference; fileEncoding = 4; lastKnownFileType = sourcecode.c.objc; path = LTServerInteraction.m; sourceTree = "<group>"; };
		8BF7EA001AB591D000845106 /* SDCoreDataController.h */ = {isa = PBXFileReference; fileEncoding = 4; lastKnownFileType = sourcecode.c.h; path = SDCoreDataController.h; sourceTree = "<group>"; };
		8BF7EA011AB591D000845106 /* SDCoreDataController.m */ = {isa = PBXFileReference; fileEncoding = 4; lastKnownFileType = sourcecode.c.objc; path = SDCoreDataController.m; sourceTree = "<group>"; };
		8BF7EA0D1AB596ED00845106 /* PostSources.plist */ = {isa = PBXFileReference; fileEncoding = 4; lastKnownFileType = text.plist.xml; path = PostSources.plist; sourceTree = "<group>"; };
		8BF7EA0F1AB59ED100845106 /* LTPost.h */ = {isa = PBXFileReference; fileEncoding = 4; lastKnownFileType = sourcecode.c.h; path = LTPost.h; sourceTree = "<group>"; };
		8BF7EA101AB59ED100845106 /* LTPost.m */ = {isa = PBXFileReference; fileEncoding = 4; lastKnownFileType = sourcecode.c.objc; path = LTPost.m; sourceTree = "<group>"; };
		8BF7EA151AB59EE200845106 /* ModelHeaders.h */ = {isa = PBXFileReference; lastKnownFileType = sourcecode.c.h; path = ModelHeaders.h; sourceTree = "<group>"; };
		8BF7EA161AB5A55300845106 /* LTSource.h */ = {isa = PBXFileReference; fileEncoding = 4; lastKnownFileType = sourcecode.c.h; path = LTSource.h; sourceTree = "<group>"; };
		8BF7EA171AB5A55300845106 /* LTSource.m */ = {isa = PBXFileReference; fileEncoding = 4; lastKnownFileType = sourcecode.c.objc; path = LTSource.m; sourceTree = "<group>"; };
		8BF7EA191AB5A68600845106 /* LTSource+updateValues.h */ = {isa = PBXFileReference; fileEncoding = 4; lastKnownFileType = sourcecode.c.h; path = "LTSource+updateValues.h"; sourceTree = "<group>"; };
		8BF7EA1A1AB5A68600845106 /* LTSource+updateValues.m */ = {isa = PBXFileReference; fileEncoding = 4; lastKnownFileType = sourcecode.c.objc; path = "LTSource+updateValues.m"; sourceTree = "<group>"; };
		8BF7EA1D1AB5AB1C00845106 /* LTPostsDataSource.h */ = {isa = PBXFileReference; fileEncoding = 4; lastKnownFileType = sourcecode.c.h; path = LTPostsDataSource.h; sourceTree = "<group>"; };
		8BF7EA1E1AB5AB1C00845106 /* LTPostsDataSource.m */ = {isa = PBXFileReference; fileEncoding = 4; lastKnownFileType = sourcecode.c.objc; path = LTPostsDataSource.m; sourceTree = "<group>"; };
		8BF7EA201AB5AC5B00845106 /* LTIOSPostsDataSource.h */ = {isa = PBXFileReference; fileEncoding = 4; lastKnownFileType = sourcecode.c.h; path = LTIOSPostsDataSource.h; sourceTree = "<group>"; };
		8BF7EA211AB5AC5B00845106 /* LTIOSPostsDataSource.m */ = {isa = PBXFileReference; fileEncoding = 4; lastKnownFileType = sourcecode.c.objc; path = LTIOSPostsDataSource.m; sourceTree = "<group>"; };
		8BF7EA251AB5AFD900845106 /* LTPostCell.h */ = {isa = PBXFileReference; fileEncoding = 4; lastKnownFileType = sourcecode.c.h; path = LTPostCell.h; sourceTree = "<group>"; };
		8BF7EA261AB5AFD900845106 /* LTPostCell.m */ = {isa = PBXFileReference; fileEncoding = 4; lastKnownFileType = sourcecode.c.objc; path = LTPostCell.m; sourceTree = "<group>"; };
		8BF7EA281AB5B64600845106 /* LTTableFooterView.h */ = {isa = PBXFileReference; fileEncoding = 4; lastKnownFileType = sourcecode.c.h; path = LTTableFooterView.h; sourceTree = "<group>"; };
		8BF7EA291AB5B64600845106 /* LTTableFooterView.m */ = {isa = PBXFileReference; fileEncoding = 4; lastKnownFileType = sourcecode.c.objc; path = LTTableFooterView.m; sourceTree = "<group>"; };
		8BF7EA2C1AB5C38F00845106 /* LTCommonClass.h */ = {isa = PBXFileReference; fileEncoding = 4; lastKnownFileType = sourcecode.c.h; path = LTCommonClass.h; sourceTree = "<group>"; };
		8BF7EA2D1AB5C38F00845106 /* LTCommonClass.m */ = {isa = PBXFileReference; fileEncoding = 4; lastKnownFileType = sourcecode.c.objc; path = LTCommonClass.m; sourceTree = "<group>"; };
/* End PBXFileReference section */

/* Begin PBXFrameworksBuildPhase section */
		8BF7E9C71AB58E7800845106 /* Frameworks */ = {
			isa = PBXFrameworksBuildPhase;
			buildActionMask = 2147483647;
			files = (
			);
			runOnlyForDeploymentPostprocessing = 0;
		};
		8BF7E9E01AB58E7800845106 /* Frameworks */ = {
			isa = PBXFrameworksBuildPhase;
			buildActionMask = 2147483647;
			files = (
			);
			runOnlyForDeploymentPostprocessing = 0;
		};
/* End PBXFrameworksBuildPhase section */

/* Begin PBXGroup section */
		8BF7E9C11AB58E7800845106 = {
			isa = PBXGroup;
			children = (
				8BF7E9CC1AB58E7800845106 /* LentaTest */,
				8BF7E9E61AB58E7800845106 /* LentaTestTests */,
				8BF7E9CB1AB58E7800845106 /* Products */,
			);
			sourceTree = "<group>";
		};
		8BF7E9CB1AB58E7800845106 /* Products */ = {
			isa = PBXGroup;
			children = (
				8BF7E9CA1AB58E7800845106 /* LentaTest.app */,
				8BF7E9E31AB58E7800845106 /* LentaTestTests.xctest */,
			);
			name = Products;
			sourceTree = "<group>";
		};
		8BF7E9CC1AB58E7800845106 /* LentaTest */ = {
			isa = PBXGroup;
			children = (
				8BF7EA2B1AB5C36700845106 /* HelpClasses */,
				8BF7E9F61AB5900F00845106 /* Model */,
				8BF7E9F51AB5900800845106 /* DataSources */,
				8BF7E9F41AB58FFC00845106 /* Views */,
				8BF7E9F31AB58FEE00845106 /* VCs */,
				8BF7E9D11AB58E7800845106 /* AppDelegate.h */,
				8BF7E9D21AB58E7800845106 /* AppDelegate.m */,
				8BF7E9D71AB58E7800845106 /* Main.storyboard */,
				8BF7E9DA1AB58E7800845106 /* Images.xcassets */,
				8BF7E9DC1AB58E7800845106 /* LaunchScreen.xib */,
				8BF7E9CD1AB58E7800845106 /* Supporting Files */,
			);
			path = LentaTest;
			sourceTree = "<group>";
		};
		8BF7E9CD1AB58E7800845106 /* Supporting Files */ = {
			isa = PBXGroup;
			children = (
				8BF7E9CE1AB58E7800845106 /* Info.plist */,
				8BF7E9CF1AB58E7800845106 /* main.m */,
				8BF7EA0D1AB596ED00845106 /* PostSources.plist */,
			);
			name = "Supporting Files";
			sourceTree = "<group>";
		};
		8BF7E9E61AB58E7800845106 /* LentaTestTests */ = {
			isa = PBXGroup;
			children = (
				8BF7E9E91AB58E7800845106 /* LentaTestTests.m */,
				8BF7E9E71AB58E7800845106 /* Supporting Files */,
			);
			path = LentaTestTests;
			sourceTree = "<group>";
		};
		8BF7E9E71AB58E7800845106 /* Supporting Files */ = {
			isa = PBXGroup;
			children = (
				8BF7E9E81AB58E7800845106 /* Info.plist */,
			);
			name = "Supporting Files";
			sourceTree = "<group>";
		};
		8BF7E9F31AB58FEE00845106 /* VCs */ = {
			isa = PBXGroup;
			children = (
				8BF7E9D41AB58E7800845106 /* ViewController.h */,
				8BF7E9D51AB58E7800845106 /* ViewController.m */,
			);
			path = VCs;
			sourceTree = "<group>";
		};
		8BF7E9F41AB58FFC00845106 /* Views */ = {
			isa = PBXGroup;
			children = (
				8BF7EA281AB5B64600845106 /* LTTableFooterView.h */,
				8BF7EA291AB5B64600845106 /* LTTableFooterView.m */,
				8BF7EA241AB5AFBB00845106 /* Cells */,
			);
			path = Views;
			sourceTree = "<group>";
		};
		8BF7E9F51AB5900800845106 /* DataSources */ = {
			isa = PBXGroup;
			children = (
				8BF7E9FB1AB5918A00845106 /* LTDatabase.h */,
				8BF7E9FC1AB5918A00845106 /* LTDatabase.m */,
				8BF7E9FE1AB591D000845106 /* LTServerInteraction.h */,
				8BF7E9FF1AB591D000845106 /* LTServerInteraction.m */,
				8BF7EA001AB591D000845106 /* SDCoreDataController.h */,
				8BF7EA011AB591D000845106 /* SDCoreDataController.m */,
				8BF7EA1C1AB5AADB00845106 /* ViewDataSources */,
			);
			path = DataSources;
			sourceTree = "<group>";
		};
		8BF7E9F61AB5900F00845106 /* Model */ = {
			isa = PBXGroup;
			children = (
				8BF7E9F81AB5917100845106 /* lentatest.xcdatamodeld */,
				8BF7EA151AB59EE200845106 /* ModelHeaders.h */,
				8BF7EA161AB5A55300845106 /* LTSource.h */,
				8BF7EA171AB5A55300845106 /* LTSource.m */,
				8BF7EA191AB5A68600845106 /* LTSource+updateValues.h */,
				8BF7EA1A1AB5A68600845106 /* LTSource+updateValues.m */,
				8BF7EA0F1AB59ED100845106 /* LTPost.h */,
				8BF7EA101AB59ED100845106 /* LTPost.m */,
				592F82D81AB616C6001D67AF /* LTPost+updateValues.h */,
				592F82D91AB616C6001D67AF /* LTPost+updateValues.m */,
			);
			path = Model;
			sourceTree = "<group>";
		};
		8BF7EA1C1AB5AADB00845106 /* ViewDataSources */ = {
			isa = PBXGroup;
			children = (
				8BF7EA1D1AB5AB1C00845106 /* LTPostsDataSource.h */,
				8BF7EA1E1AB5AB1C00845106 /* LTPostsDataSource.m */,
				8BF7EA201AB5AC5B00845106 /* LTIOSPostsDataSource.h */,
				8BF7EA211AB5AC5B00845106 /* LTIOSPostsDataSource.m */,
			);
			path = ViewDataSources;
			sourceTree = "<group>";
		};
		8BF7EA241AB5AFBB00845106 /* Cells */ = {
			isa = PBXGroup;
			children = (
				8BF7EA251AB5AFD900845106 /* LTPostCell.h */,
				8BF7EA261AB5AFD900845106 /* LTPostCell.m */,
			);
			path = Cells;
			sourceTree = "<group>";
		};
		8BF7EA2B1AB5C36700845106 /* HelpClasses */ = {
			isa = PBXGroup;
			children = (
				8BF7EA2C1AB5C38F00845106 /* LTCommonClass.h */,
				8BF7EA2D1AB5C38F00845106 /* LTCommonClass.m */,
				5920C1D51AB5F23C00603D73 /* LTXMLParser.h */,
				5920C1D61AB5F23C00603D73 /* LTXMLParser.m */,
			);
			path = HelpClasses;
			sourceTree = "<group>";
		};
/* End PBXGroup section */

/* Begin PBXNativeTarget section */
		8BF7E9C91AB58E7800845106 /* LentaTest */ = {
			isa = PBXNativeTarget;
			buildConfigurationList = 8BF7E9ED1AB58E7800845106 /* Build configuration list for PBXNativeTarget "LentaTest" */;
			buildPhases = (
				8BF7E9C61AB58E7800845106 /* Sources */,
				8BF7E9C71AB58E7800845106 /* Frameworks */,
				8BF7E9C81AB58E7800845106 /* Resources */,
			);
			buildRules = (
			);
			dependencies = (
			);
			name = LentaTest;
			productName = LentaTest;
			productReference = 8BF7E9CA1AB58E7800845106 /* LentaTest.app */;
			productType = "com.apple.product-type.application";
		};
		8BF7E9E21AB58E7800845106 /* LentaTestTests */ = {
			isa = PBXNativeTarget;
			buildConfigurationList = 8BF7E9F01AB58E7800845106 /* Build configuration list for PBXNativeTarget "LentaTestTests" */;
			buildPhases = (
				8BF7E9DF1AB58E7800845106 /* Sources */,
				8BF7E9E01AB58E7800845106 /* Frameworks */,
				8BF7E9E11AB58E7800845106 /* Resources */,
			);
			buildRules = (
			);
			dependencies = (
				8BF7E9E51AB58E7800845106 /* PBXTargetDependency */,
			);
			name = LentaTestTests;
			productName = LentaTestTests;
			productReference = 8BF7E9E31AB58E7800845106 /* LentaTestTests.xctest */;
			productType = "com.apple.product-type.bundle.unit-test";
		};
/* End PBXNativeTarget section */

/* Begin PBXProject section */
		8BF7E9C21AB58E7800845106 /* Project object */ = {
			isa = PBXProject;
			attributes = {
				CLASSPREFIX = LT;
				LastUpgradeCheck = 0620;
				ORGANIZATIONNAME = DOTCAPITAL;
				TargetAttributes = {
					8BF7E9C91AB58E7800845106 = {
						CreatedOnToolsVersion = 6.2;
					};
					8BF7E9E21AB58E7800845106 = {
						CreatedOnToolsVersion = 6.2;
						TestTargetID = 8BF7E9C91AB58E7800845106;
					};
				};
			};
			buildConfigurationList = 8BF7E9C51AB58E7800845106 /* Build configuration list for PBXProject "LentaTest" */;
			compatibilityVersion = "Xcode 3.2";
			developmentRegion = English;
			hasScannedForEncodings = 0;
			knownRegions = (
				en,
				Base,
			);
			mainGroup = 8BF7E9C11AB58E7800845106;
			productRefGroup = 8BF7E9CB1AB58E7800845106 /* Products */;
			projectDirPath = "";
			projectRoot = "";
			targets = (
				8BF7E9C91AB58E7800845106 /* LentaTest */,
				8BF7E9E21AB58E7800845106 /* LentaTestTests */,
			);
		};
/* End PBXProject section */

/* Begin PBXResourcesBuildPhase section */
		8BF7E9C81AB58E7800845106 /* Resources */ = {
			isa = PBXResourcesBuildPhase;
			buildActionMask = 2147483647;
			files = (
				8BF7E9D91AB58E7800845106 /* Main.storyboard in Resources */,
				8BF7EA0E1AB596ED00845106 /* PostSources.plist in Resources */,
				8BF7E9DE1AB58E7800845106 /* LaunchScreen.xib in Resources */,
				8BF7E9DB1AB58E7800845106 /* Images.xcassets in Resources */,
			);
			runOnlyForDeploymentPostprocessing = 0;
		};
		8BF7E9E11AB58E7800845106 /* Resources */ = {
			isa = PBXResourcesBuildPhase;
			buildActionMask = 2147483647;
			files = (
			);
			runOnlyForDeploymentPostprocessing = 0;
		};
/* End PBXResourcesBuildPhase section */

/* Begin PBXSourcesBuildPhase section */
		8BF7E9C61AB58E7800845106 /* Sources */ = {
			isa = PBXSourcesBuildPhase;
			buildActionMask = 2147483647;
			files = (
				8BF7E9D61AB58E7800845106 /* ViewController.m in Sources */,
				8BF7EA111AB59ED100845106 /* LTPost.m in Sources */,
				8BF7E9D31AB58E7800845106 /* AppDelegate.m in Sources */,
				8BF7EA271AB5AFD900845106 /* LTPostCell.m in Sources */,
				8BF7EA1B1AB5A68600845106 /* LTSource+updateValues.m in Sources */,
				8BF7EA031AB591D000845106 /* SDCoreDataController.m in Sources */,
				5920C1D71AB5F23C00603D73 /* LTXMLParser.m in Sources */,
				592F82DA1AB616C6001D67AF /* LTPost+updateValues.m in Sources */,
				8BF7EA181AB5A55300845106 /* LTSource.m in Sources */,
				8BF7EA1F1AB5AB1C00845106 /* LTPostsDataSource.m in Sources */,
				8BF7EA2E1AB5C38F00845106 /* LTCommonClass.m in Sources */,
				8BF7E9FA1AB5917100845106 /* lentatest.xcdatamodeld in Sources */,
				8BF7EA221AB5AC5B00845106 /* LTIOSPostsDataSource.m in Sources */,
				8BF7E9D01AB58E7800845106 /* main.m in Sources */,
				8BF7EA021AB591D000845106 /* LTServerInteraction.m in Sources */,
				8BF7EA2A1AB5B64600845106 /* LTTableFooterView.m in Sources */,
				8BF7E9FD1AB5918A00845106 /* LTDatabase.m in Sources */,
			);
			runOnlyForDeploymentPostprocessing = 0;
		};
		8BF7E9DF1AB58E7800845106 /* Sources */ = {
			isa = PBXSourcesBuildPhase;
			buildActionMask = 2147483647;
			files = (
				8BF7E9EA1AB58E7800845106 /* LentaTestTests.m in Sources */,
			);
			runOnlyForDeploymentPostprocessing = 0;
		};
/* End PBXSourcesBuildPhase section */

/* Begin PBXTargetDependency section */
		8BF7E9E51AB58E7800845106 /* PBXTargetDependency */ = {
			isa = PBXTargetDependency;
			target = 8BF7E9C91AB58E7800845106 /* LentaTest */;
			targetProxy = 8BF7E9E41AB58E7800845106 /* PBXContainerItemProxy */;
		};
/* End PBXTargetDependency section */

/* Begin PBXVariantGroup section */
		8BF7E9D71AB58E7800845106 /* Main.storyboard */ = {
			isa = PBXVariantGroup;
			children = (
				8BF7E9D81AB58E7800845106 /* Base */,
			);
			name = Main.storyboard;
			sourceTree = "<group>";
		};
		8BF7E9DC1AB58E7800845106 /* LaunchScreen.xib */ = {
			isa = PBXVariantGroup;
			children = (
				8BF7E9DD1AB58E7800845106 /* Base */,
			);
			name = LaunchScreen.xib;
			sourceTree = "<group>";
		};
/* End PBXVariantGroup section */

/* Begin XCBuildConfiguration section */
		8BF7E9EB1AB58E7800845106 /* Debug */ = {
			isa = XCBuildConfiguration;
			buildSettings = {
				ALWAYS_SEARCH_USER_PATHS = NO;
				CLANG_CXX_LANGUAGE_STANDARD = "gnu++0x";
				CLANG_CXX_LIBRARY = "libc++";
				CLANG_ENABLE_MODULES = YES;
				CLANG_ENABLE_OBJC_ARC = YES;
				CLANG_WARN_BOOL_CONVERSION = YES;
				CLANG_WARN_CONSTANT_CONVERSION = YES;
				CLANG_WARN_DIRECT_OBJC_ISA_USAGE = YES_ERROR;
				CLANG_WARN_EMPTY_BODY = YES;
				CLANG_WARN_ENUM_CONVERSION = YES;
				CLANG_WARN_INT_CONVERSION = YES;
				CLANG_WARN_OBJC_ROOT_CLASS = YES_ERROR;
				CLANG_WARN_UNREACHABLE_CODE = YES;
				CLANG_WARN__DUPLICATE_METHOD_MATCH = YES;
				"CODE_SIGN_IDENTITY[sdk=iphoneos*]" = "iPhone Developer";
				COPY_PHASE_STRIP = NO;
				ENABLE_STRICT_OBJC_MSGSEND = YES;
				GCC_C_LANGUAGE_STANDARD = gnu99;
				GCC_DYNAMIC_NO_PIC = NO;
				GCC_OPTIMIZATION_LEVEL = 0;
				GCC_PREPROCESSOR_DEFINITIONS = (
					"DEBUG=1",
					"$(inherited)",
				);
				GCC_SYMBOLS_PRIVATE_EXTERN = NO;
				GCC_WARN_64_TO_32_BIT_CONVERSION = YES;
				GCC_WARN_ABOUT_RETURN_TYPE = YES_ERROR;
				GCC_WARN_UNDECLARED_SELECTOR = YES;
				GCC_WARN_UNINITIALIZED_AUTOS = YES_AGGRESSIVE;
				GCC_WARN_UNUSED_FUNCTION = YES;
				GCC_WARN_UNUSED_VARIABLE = YES;
				IPHONEOS_DEPLOYMENT_TARGET = 8.2;
				MTL_ENABLE_DEBUG_INFO = YES;
				ONLY_ACTIVE_ARCH = YES;
				SDKROOT = iphoneos;
				TARGETED_DEVICE_FAMILY = "1,2";
			};
			name = Debug;
		};
		8BF7E9EC1AB58E7800845106 /* Release */ = {
			isa = XCBuildConfiguration;
			buildSettings = {
				ALWAYS_SEARCH_USER_PATHS = NO;
				CLANG_CXX_LANGUAGE_STANDARD = "gnu++0x";
				CLANG_CXX_LIBRARY = "libc++";
				CLANG_ENABLE_MODULES = YES;
				CLANG_ENABLE_OBJC_ARC = YES;
				CLANG_WARN_BOOL_CONVERSION = YES;
				CLANG_WARN_CONSTANT_CONVERSION = YES;
				CLANG_WARN_DIRECT_OBJC_ISA_USAGE = YES_ERROR;
				CLANG_WARN_EMPTY_BODY = YES;
				CLANG_WARN_ENUM_CONVERSION = YES;
				CLANG_WARN_INT_CONVERSION = YES;
				CLANG_WARN_OBJC_ROOT_CLASS = YES_ERROR;
				CLANG_WARN_UNREACHABLE_CODE = YES;
				CLANG_WARN__DUPLICATE_METHOD_MATCH = YES;
				"CODE_SIGN_IDENTITY[sdk=iphoneos*]" = "iPhone Developer";
				COPY_PHASE_STRIP = NO;
				ENABLE_NS_ASSERTIONS = NO;
				ENABLE_STRICT_OBJC_MSGSEND = YES;
				GCC_C_LANGUAGE_STANDARD = gnu99;
				GCC_WARN_64_TO_32_BIT_CONVERSION = YES;
				GCC_WARN_ABOUT_RETURN_TYPE = YES_ERROR;
				GCC_WARN_UNDECLARED_SELECTOR = YES;
				GCC_WARN_UNINITIALIZED_AUTOS = YES_AGGRESSIVE;
				GCC_WARN_UNUSED_FUNCTION = YES;
				GCC_WARN_UNUSED_VARIABLE = YES;
				IPHONEOS_DEPLOYMENT_TARGET = 8.2;
				MTL_ENABLE_DEBUG_INFO = NO;
				SDKROOT = iphoneos;
				TARGETED_DEVICE_FAMILY = "1,2";
				VALIDATE_PRODUCT = YES;
			};
			name = Release;
		};
		8BF7E9EE1AB58E7800845106 /* Debug */ = {
			isa = XCBuildConfiguration;
			buildSettings = {
				ASSETCATALOG_COMPILER_APPICON_NAME = AppIcon;
				INFOPLIST_FILE = LentaTest/Info.plist;
				LD_RUNPATH_SEARCH_PATHS = "$(inherited) @executable_path/Frameworks";
				PRODUCT_NAME = "$(TARGET_NAME)";
			};
			name = Debug;
		};
		8BF7E9EF1AB58E7800845106 /* Release */ = {
			isa = XCBuildConfiguration;
			buildSettings = {
				ASSETCATALOG_COMPILER_APPICON_NAME = AppIcon;
				INFOPLIST_FILE = LentaTest/Info.plist;
				LD_RUNPATH_SEARCH_PATHS = "$(inherited) @executable_path/Frameworks";
				PRODUCT_NAME = "$(TARGET_NAME)";
			};
			name = Release;
		};
		8BF7E9F11AB58E7800845106 /* Debug */ = {
			isa = XCBuildConfiguration;
			buildSettings = {
				BUNDLE_LOADER = "$(TEST_HOST)";
				FRAMEWORK_SEARCH_PATHS = (
					"$(SDKROOT)/Developer/Library/Frameworks",
					"$(inherited)",
				);
				GCC_PREPROCESSOR_DEFINITIONS = (
					"DEBUG=1",
					"$(inherited)",
				);
				INFOPLIST_FILE = LentaTestTests/Info.plist;
				LD_RUNPATH_SEARCH_PATHS = "$(inherited) @executable_path/Frameworks @loader_path/Frameworks";
				PRODUCT_NAME = "$(TARGET_NAME)";
				TEST_HOST = "$(BUILT_PRODUCTS_DIR)/LentaTest.app/LentaTest";
			};
			name = Debug;
		};
		8BF7E9F21AB58E7800845106 /* Release */ = {
			isa = XCBuildConfiguration;
			buildSettings = {
				BUNDLE_LOADER = "$(TEST_HOST)";
				FRAMEWORK_SEARCH_PATHS = (
					"$(SDKROOT)/Developer/Library/Frameworks",
					"$(inherited)",
				);
				INFOPLIST_FILE = LentaTestTests/Info.plist;
				LD_RUNPATH_SEARCH_PATHS = "$(inherited) @executable_path/Frameworks @loader_path/Frameworks";
				PRODUCT_NAME = "$(TARGET_NAME)";
				TEST_HOST = "$(BUILT_PRODUCTS_DIR)/LentaTest.app/LentaTest";
			};
			name = Release;
		};
/* End XCBuildConfiguration section */

/* Begin XCConfigurationList section */
		8BF7E9C51AB58E7800845106 /* Build configuration list for PBXProject "LentaTest" */ = {
			isa = XCConfigurationList;
			buildConfigurations = (
				8BF7E9EB1AB58E7800845106 /* Debug */,
				8BF7E9EC1AB58E7800845106 /* Release */,
			);
			defaultConfigurationIsVisible = 0;
			defaultConfigurationName = Release;
		};
		8BF7E9ED1AB58E7800845106 /* Build configuration list for PBXNativeTarget "LentaTest" */ = {
			isa = XCConfigurationList;
			buildConfigurations = (
				8BF7E9EE1AB58E7800845106 /* Debug */,
				8BF7E9EF1AB58E7800845106 /* Release */,
			);
			defaultConfigurationIsVisible = 0;
			defaultConfigurationName = Release;
		};
		8BF7E9F01AB58E7800845106 /* Build configuration list for PBXNativeTarget "LentaTestTests" */ = {
			isa = XCConfigurationList;
			buildConfigurations = (
				8BF7E9F11AB58E7800845106 /* Debug */,
				8BF7E9F21AB58E7800845106 /* Release */,
			);
			defaultConfigurationIsVisible = 0;
			defaultConfigurationName = Release;
		};
/* End XCConfigurationList section */

/* Begin XCVersionGroup section */
		8BF7E9F81AB5917100845106 /* lentatest.xcdatamodeld */ = {
			isa = XCVersionGroup;
			children = (
				8BF7E9F91AB5917100845106 /* lentatest.xcdatamodel */,
			);
			currentVersion = 8BF7E9F91AB5917100845106 /* lentatest.xcdatamodel */;
			path = lentatest.xcdatamodeld;
			sourceTree = "<group>";
			versionGroupType = wrapper.xcdatamodel;
		};
/* End XCVersionGroup section */
	};
	rootObject = 8BF7E9C21AB58E7800845106 /* Project object */;
}
